
Microsoft Visual Studio Solution File, Format Version 12.00
# Visual Studio Version 17
VisualStudioVersion = 17.0.31903.59
MinimumVisualStudioVersion = 10.0.40219.1
Project("{9A19103F-16F7-4668-BE54-9A1E7A4F7556}") = "blazor-19c", "blazor-19c.csproj", "{F36026D8-A547-493D-A654-257E82E5A15A}"
EndProject
Global
	GlobalSection(SolutionConfigurationPlatforms) = preSolution
		Debug|Any CPU = Debug|Any CPU
		Release|Any CPU = Release|Any CPU
	EndGlobalSection
	GlobalSection(ProjectConfigurationPlatforms) = postSolution
		{F36026D8-A547-493D-A654-257E82E5A15A}.Debug|Any CPU.ActiveCfg = Debug|Any CPU
		{F36026D8-A547-493D-A654-257E82E5A15A}.Debug|Any CPU.Build.0 = Debug|Any CPU
		{F36026D8-A547-493D-A654-257E82E5A15A}.Release|Any CPU.ActiveCfg = Release|Any CPU
		{F36026D8-A547-493D-A654-257E82E5A15A}.Release|Any CPU.Build.0 = Release|Any CPU
	EndGlobalSection
	GlobalSection(SolutionProperties) = preSolution
		HideSolutionNode = FALSE
	EndGlobalSection
	GlobalSection(ExtensibilityGlobals) = postSolution
		SolutionGuid = {12F94135-8E90-4109-BD21-273E4F7E739E}
	EndGlobalSection
EndGlobal
